
Microsoft Visual Studio Solution File, Format Version 12.00
# Visual Studio Version 16
VisualStudioVersion = 16.0.30907.101
MinimumVisualStudioVersion = 10.0.40219.1
Project("{FAE04EC0-301F-11D3-BF4B-00C04F79EFBC}") = "WebAPIVersionDemo", "WebAPIVersionDemo.csproj", "{AA40DAF0-023F-49C3-89AD-81AB1EC23272}"
EndProject
Global
	GlobalSection(SolutionConfigurationPlatforms) = preSolution
		Debug|Any CPU = Debug|Any CPU
		Release|Any CPU = Release|Any CPU
	EndGlobalSection
	GlobalSection(ProjectConfigurationPlatforms) = postSolution
		{AA40DAF0-023F-49C3-89AD-81AB1EC23272}.Debug|Any CPU.ActiveCfg = Debug|Any CPU
		{AA40DAF0-023F-49C3-89AD-81AB1EC23272}.Debug|Any CPU.Build.0 = Debug|Any CPU
		{AA40DAF0-023F-49C3-89AD-81AB1EC23272}.Release|Any CPU.ActiveCfg = Release|Any CPU
		{AA40DAF0-023F-49C3-89AD-81AB1EC23272}.Release|Any CPU.Build.0 = Release|Any CPU
	EndGlobalSection
	GlobalSection(SolutionProperties) = preSolution
		HideSolutionNode = FALSE
	EndGlobalSection
	GlobalSection(ExtensibilityGlobals) = postSolution
		SolutionGuid = {298EBB20-744A-4347-AE0F-865117B619E4}
	EndGlobalSection
EndGlobal
